
Microsoft Visual Studio Solution File, Format Version 12.00
# Visual Studio 15
VisualStudioVersion = 15.0.28307.421
MinimumVisualStudioVersion = 10.0.40219.1
Project("{FAE04EC0-301F-11D3-BF4B-00C04F79EFBC}") = "EAOF by ritu", "EAOF by ritu\EAOF by ritu.csproj", "{1AF119DE-802E-4796-8C7D-B50ECB924E79}"
EndProject
Global
	GlobalSection(SolutionConfigurationPlatforms) = preSolution
		Debug|Any CPU = Debug|Any CPU
		Release|Any CPU = Release|Any CPU
	EndGlobalSection
	GlobalSection(ProjectConfigurationPlatforms) = postSolution
		{1AF119DE-802E-4796-8C7D-B50ECB924E79}.Debug|Any CPU.ActiveCfg = Debug|Any CPU
		{1AF119DE-802E-4796-8C7D-B50ECB924E79}.Debug|Any CPU.Build.0 = Debug|Any CPU
		{1AF119DE-802E-4796-8C7D-B50ECB924E79}.Release|Any CPU.ActiveCfg = Release|Any CPU
		{1AF119DE-802E-4796-8C7D-B50ECB924E79}.Release|Any CPU.Build.0 = Release|Any CPU
	EndGlobalSection
	GlobalSection(SolutionProperties) = preSolution
		HideSolutionNode = FALSE
	EndGlobalSection
	GlobalSection(ExtensibilityGlobals) = postSolution
		SolutionGuid = {83F0F78C-E10A-4915-87C9-E503FEB75CC8}
	EndGlobalSection
EndGlobal
